
Microsoft Visual Studio Solution File, Format Version 12.00
# Visual Studio Version 17
VisualStudioVersion = 17.3.32811.315
MinimumVisualStudioVersion = 10.0.40219.1
Project("{FAE04EC0-301F-11D3-BF4B-00C04F79EFBC}") = "WPF.domain", "WPF.domain\WPF.domain.csproj", "{76211C16-4FCE-4D78-A2C2-B543BB358B30}"
EndProject
Project("{FAE04EC0-301F-11D3-BF4B-00C04F79EFBC}") = "WPF.EF", "WPF.EF\WPF.EF.csproj", "{0ABBDA70-1B5F-4FAB-89B5-0ED7702F41E6}"
EndProject
Project("{FAE04EC0-301F-11D3-BF4B-00C04F79EFBC}") = "WpfApp2", "WpfApp2\WpfApp2.csproj", "{3D8194EF-5B2F-4913-8C4F-A8E7FFAE8878}"
EndProject
Global
	GlobalSection(SolutionConfigurationPlatforms) = preSolution
		Debug|Any CPU = Debug|Any CPU
		Release|Any CPU = Release|Any CPU
	EndGlobalSection
	GlobalSection(ProjectConfigurationPlatforms) = postSolution
		{76211C16-4FCE-4D78-A2C2-B543BB358B30}.Debug|Any CPU.ActiveCfg = Debug|Any CPU
		{76211C16-4FCE-4D78-A2C2-B543BB358B30}.Debug|Any CPU.Build.0 = Debug|Any CPU
		{76211C16-4FCE-4D78-A2C2-B543BB358B30}.Release|Any CPU.ActiveCfg = Release|Any CPU
		{76211C16-4FCE-4D78-A2C2-B543BB358B30}.Release|Any CPU.Build.0 = Release|Any CPU
		{0ABBDA70-1B5F-4FAB-89B5-0ED7702F41E6}.Debug|Any CPU.ActiveCfg = Debug|Any CPU
		{0ABBDA70-1B5F-4FAB-89B5-0ED7702F41E6}.Debug|Any CPU.Build.0 = Debug|Any CPU
		{0ABBDA70-1B5F-4FAB-89B5-0ED7702F41E6}.Release|Any CPU.ActiveCfg = Release|Any CPU
		{0ABBDA70-1B5F-4FAB-89B5-0ED7702F41E6}.Release|Any CPU.Build.0 = Release|Any CPU
		{3D8194EF-5B2F-4913-8C4F-A8E7FFAE8878}.Debug|Any CPU.ActiveCfg = Debug|Any CPU
		{3D8194EF-5B2F-4913-8C4F-A8E7FFAE8878}.Debug|Any CPU.Build.0 = Debug|Any CPU
		{3D8194EF-5B2F-4913-8C4F-A8E7FFAE8878}.Release|Any CPU.ActiveCfg = Release|Any CPU
		{3D8194EF-5B2F-4913-8C4F-A8E7FFAE8878}.Release|Any CPU.Build.0 = Release|Any CPU
	EndGlobalSection
	GlobalSection(SolutionProperties) = preSolution
		HideSolutionNode = FALSE
	EndGlobalSection
	GlobalSection(ExtensibilityGlobals) = postSolution
		SolutionGuid = {FCDA97BA-8CC7-4975-ABCB-9CCCFB1D9827}
	EndGlobalSection
EndGlobal
